
Microsoft Visual Studio Solution File, Format Version 12.00
Project("{FAE04EC0-301F-11D3-BF4B-00C04F79EFBC}") = "DungeonTextGame", "DungeonTextGame.csproj", "{C00C980B-FAF6-481D-AC11-D2549EC586B9}"
EndProject
Global
	GlobalSection(SolutionConfigurationPlatforms) = preSolution
		Debug|Any CPU = Debug|Any CPU
		Release|Any CPU = Release|Any CPU
	EndGlobalSection
	GlobalSection(ProjectConfigurationPlatforms) = postSolution
		{C00C980B-FAF6-481D-AC11-D2549EC586B9}.Debug|Any CPU.ActiveCfg = Debug|Any CPU
		{C00C980B-FAF6-481D-AC11-D2549EC586B9}.Debug|Any CPU.Build.0 = Debug|Any CPU
		{C00C980B-FAF6-481D-AC11-D2549EC586B9}.Release|Any CPU.ActiveCfg = Release|Any CPU
		{C00C980B-FAF6-481D-AC11-D2549EC586B9}.Release|Any CPU.Build.0 = Release|Any CPU
	EndGlobalSection
EndGlobal
